
Microsoft Visual Studio Solution File, Format Version 12.00
# Visual Studio Version 16
VisualStudioVersion = 16.0.30804.86
MinimumVisualStudioVersion = 10.0.40219.1
Project("{9A19103F-16F7-4668-BE54-9A1E7A4F7556}") = "ChristineLeDuc", "ChristineLeDuc\ChristineLeDuc.csproj", "{74116A92-80E9-4D93-BBEF-86D0C4CC1356}"
	ProjectSection(ProjectDependencies) = postProject
		{562D3F7D-7204-4610-AA7A-9A7459E1C7B0} = {562D3F7D-7204-4610-AA7A-9A7459E1C7B0}
		{438AEDCF-9447-47A5-A698-CA43CCDE96C9} = {438AEDCF-9447-47A5-A698-CA43CCDE96C9}
	EndProjectSection
EndProject
Project("{9A19103F-16F7-4668-BE54-9A1E7A4F7556}") = "Datalayer", "Datalayer\Datalayer.csproj", "{562D3F7D-7204-4610-AA7A-9A7459E1C7B0}"
EndProject
Project("{9A19103F-16F7-4668-BE54-9A1E7A4F7556}") = "Logiclayer", "Logiclayer\Logiclayer.csproj", "{438AEDCF-9447-47A5-A698-CA43CCDE96C9}"
	ProjectSection(ProjectDependencies) = postProject
		{562D3F7D-7204-4610-AA7A-9A7459E1C7B0} = {562D3F7D-7204-4610-AA7A-9A7459E1C7B0}
	EndProjectSection
EndProject
Project("{9A19103F-16F7-4668-BE54-9A1E7A4F7556}") = "Globals", "Globals\Globals.csproj", "{1E47AACB-5804-4F85-9AE9-5959A81EBE59}"
EndProject
Project("{C7167F0D-BC9F-4E6E-AFE1-012C56B48DB5}") = "CLD.Package", "CLD.Package\CLD.Package.wapproj", "{D908FDB2-1B1C-4C2D-B9E7-6F58FA06256C}"
EndProject
Global
	GlobalSection(SolutionConfigurationPlatforms) = preSolution
		Debug|Any CPU = Debug|Any CPU
		Debug|ARM = Debug|ARM
		Debug|ARM64 = Debug|ARM64
		Debug|x64 = Debug|x64
		Debug|x86 = Debug|x86
		Release|Any CPU = Release|Any CPU
		Release|ARM = Release|ARM
		Release|ARM64 = Release|ARM64
		Release|x64 = Release|x64
		Release|x86 = Release|x86
	EndGlobalSection
	GlobalSection(ProjectConfigurationPlatforms) = postSolution
		{74116A92-80E9-4D93-BBEF-86D0C4CC1356}.Debug|Any CPU.ActiveCfg = Debug|Any CPU
		{74116A92-80E9-4D93-BBEF-86D0C4CC1356}.Debug|Any CPU.Build.0 = Debug|Any CPU
		{74116A92-80E9-4D93-BBEF-86D0C4CC1356}.Debug|ARM.ActiveCfg = Debug|Any CPU
		{74116A92-80E9-4D93-BBEF-86D0C4CC1356}.Debug|ARM.Build.0 = Debug|Any CPU
		{74116A92-80E9-4D93-BBEF-86D0C4CC1356}.Debug|ARM64.ActiveCfg = Debug|Any CPU
		{74116A92-80E9-4D93-BBEF-86D0C4CC1356}.Debug|ARM64.Build.0 = Debug|Any CPU
		{74116A92-80E9-4D93-BBEF-86D0C4CC1356}.Debug|x64.ActiveCfg = Debug|x64
		{74116A92-80E9-4D93-BBEF-86D0C4CC1356}.Debug|x64.Build.0 = Debug|x64
		{74116A92-80E9-4D93-BBEF-86D0C4CC1356}.Debug|x86.ActiveCfg = Debug|Any CPU
		{74116A92-80E9-4D93-BBEF-86D0C4CC1356}.Debug|x86.Build.0 = Debug|Any CPU
		{74116A92-80E9-4D93-BBEF-86D0C4CC1356}.Release|Any CPU.ActiveCfg = Release|Any CPU
		{74116A92-80E9-4D93-BBEF-86D0C4CC1356}.Release|Any CPU.Build.0 = Release|Any CPU
		{74116A92-80E9-4D93-BBEF-86D0C4CC1356}.Release|ARM.ActiveCfg = Release|Any CPU
		{74116A92-80E9-4D93-BBEF-86D0C4CC1356}.Release|ARM.Build.0 = Release|Any CPU
		{74116A92-80E9-4D93-BBEF-86D0C4CC1356}.Release|ARM64.ActiveCfg = Release|Any CPU
		{74116A92-80E9-4D93-BBEF-86D0C4CC1356}.Release|ARM64.Build.0 = Release|Any CPU
		{74116A92-80E9-4D93-BBEF-86D0C4CC1356}.Release|x64.ActiveCfg = Release|x64
		{74116A92-80E9-4D93-BBEF-86D0C4CC1356}.Release|x64.Build.0 = Release|x64
		{74116A92-80E9-4D93-BBEF-86D0C4CC1356}.Release|x86.ActiveCfg = Release|Any CPU
		{74116A92-80E9-4D93-BBEF-86D0C4CC1356}.Release|x86.Build.0 = Release|Any CPU
		{562D3F7D-7204-4610-AA7A-9A7459E1C7B0}.Debug|Any CPU.ActiveCfg = Debug|Any CPU
		{562D3F7D-7204-4610-AA7A-9A7459E1C7B0}.Debug|Any CPU.Build.0 = Debug|Any CPU
		{562D3F7D-7204-4610-AA7A-9A7459E1C7B0}.Debug|ARM.ActiveCfg = Debug|Any CPU
		{562D3F7D-7204-4610-AA7A-9A7459E1C7B0}.Debug|ARM.Build.0 = Debug|Any CPU
		{562D3F7D-7204-4610-AA7A-9A7459E1C7B0}.Debug|ARM64.ActiveCfg = Debug|Any CPU
		{562D3F7D-7204-4610-AA7A-9A7459E1C7B0}.Debug|ARM64.Build.0 = Debug|Any CPU
		{562D3F7D-7204-4610-AA7A-9A7459E1C7B0}.Debug|x64.ActiveCfg = Debug|Any CPU
		{562D3F7D-7204-4610-AA7A-9A7459E1C7B0}.Debug|x64.Build.0 = Debug|Any CPU
		{562D3F7D-7204-4610-AA7A-9A7459E1C7B0}.Debug|x86.ActiveCfg = Debug|Any CPU
		{562D3F7D-7204-4610-AA7A-9A7459E1C7B0}.Debug|x86.Build.0 = Debug|Any CPU
		{562D3F7D-7204-4610-AA7A-9A7459E1C7B0}.Release|Any CPU.ActiveCfg = Release|Any CPU
		{562D3F7D-7204-4610-AA7A-9A7459E1C7B0}.Release|Any CPU.Build.0 = Release|Any CPU
		{562D3F7D-7204-4610-AA7A-9A7459E1C7B0}.Release|ARM.ActiveCfg = Release|Any CPU
		{562D3F7D-7204-4610-AA7A-9A7459E1C7B0}.Release|ARM.Build.0 = Release|Any CPU
		{562D3F7D-7204-4610-AA7A-9A7459E1C7B0}.Release|ARM64.ActiveCfg = Release|Any CPU
		{562D3F7D-7204-4610-AA7A-9A7459E1C7B0}.Release|ARM64.Build.0 = Release|Any CPU
		{562D3F7D-7204-4610-AA7A-9A7459E1C7B0}.Release|x64.ActiveCfg = Release|Any CPU
		{562D3F7D-7204-4610-AA7A-9A7459E1C7B0}.Release|x64.Build.0 = Release|Any CPU
		{562D3F7D-7204-4610-AA7A-9A7459E1C7B0}.Release|x86.ActiveCfg = Release|Any CPU
		{562D3F7D-7204-4610-AA7A-9A7459E1C7B0}.Release|x86.Build.0 = Release|Any CPU
		{438AEDCF-9447-47A5-A698-CA43CCDE96C9}.Debug|Any CPU.ActiveCfg = Debug|Any CPU
		{438AEDCF-9447-47A5-A698-CA43CCDE96C9}.Debug|Any CPU.Build.0 = Debug|Any CPU
		{438AEDCF-9447-47A5-A698-CA43CCDE96C9}.Debug|ARM.ActiveCfg = Debug|Any CPU
		{438AEDCF-9447-47A5-A698-CA43CCDE96C9}.Debug|ARM.Build.0 = Debug|Any CPU
		{438AEDCF-9447-47A5-A698-CA43CCDE96C9}.Debug|ARM64.ActiveCfg = Debug|Any CPU
		{438AEDCF-9447-47A5-A698-CA43CCDE96C9}.Debug|ARM64.Build.0 = Debug|Any CPU
		{438AEDCF-9447-47A5-A698-CA43CCDE96C9}.Debug|x64.ActiveCfg = Debug|Any CPU
		{438AEDCF-9447-47A5-A698-CA43CCDE96C9}.Debug|x64.Build.0 = Debug|Any CPU
		{438AEDCF-9447-47A5-A698-CA43CCDE96C9}.Debug|x86.ActiveCfg = Debug|Any CPU
		{438AEDCF-9447-47A5-A698-CA43CCDE96C9}.Debug|x86.Build.0 = Debug|Any CPU
		{438AEDCF-9447-47A5-A698-CA43CCDE96C9}.Release|Any CPU.ActiveCfg = Release|Any CPU
		{438AEDCF-9447-47A5-A698-CA43CCDE96C9}.Release|Any CPU.Build.0 = Release|Any CPU
		{438AEDCF-9447-47A5-A698-CA43CCDE96C9}.Release|ARM.ActiveCfg = Release|Any CPU
		{438AEDCF-9447-47A5-A698-CA43CCDE96C9}.Release|ARM.Build.0 = Release|Any CPU
		{438AEDCF-9447-47A5-A698-CA43CCDE96C9}.Release|ARM64.ActiveCfg = Release|Any CPU
		{438AEDCF-9447-47A5-A698-CA43CCDE96C9}.Release|ARM64.Build.0 = Release|Any CPU
		{438AEDCF-9447-47A5-A698-CA43CCDE96C9}.Release|x64.ActiveCfg = Release|Any CPU
		{438AEDCF-9447-47A5-A698-CA43CCDE96C9}.Release|x64.Build.0 = Release|Any CPU
		{438AEDCF-9447-47A5-A698-CA43CCDE96C9}.Release|x86.ActiveCfg = Release|Any CPU
		{438AEDCF-9447-47A5-A698-CA43CCDE96C9}.Release|x86.Build.0 = Release|Any CPU
		{1E47AACB-5804-4F85-9AE9-5959A81EBE59}.Debug|Any CPU.ActiveCfg = Debug|Any CPU
		{1E47AACB-5804-4F85-9AE9-5959A81EBE59}.Debug|Any CPU.Build.0 = Debug|Any CPU
		{1E47AACB-5804-4F85-9AE9-5959A81EBE59}.Debug|ARM.ActiveCfg = Debug|Any CPU
		{1E47AACB-5804-4F85-9AE9-5959A81EBE59}.Debug|ARM.Build.0 = Debug|Any CPU
		{1E47AACB-5804-4F85-9AE9-5959A81EBE59}.Debug|ARM64.ActiveCfg = Debug|Any CPU
		{1E47AACB-5804-4F85-9AE9-5959A81EBE59}.Debug|ARM64.Build.0 = Debug|Any CPU
		{1E47AACB-5804-4F85-9AE9-5959A81EBE59}.Debug|x64.ActiveCfg = Debug|Any CPU
		{1E47AACB-5804-4F85-9AE9-5959A81EBE59}.Debug|x64.Build.0 = Debug|Any CPU
		{1E47AACB-5804-4F85-9AE9-5959A81EBE59}.Debug|x86.ActiveCfg = Debug|Any CPU
		{1E47AACB-5804-4F85-9AE9-5959A81EBE59}.Debug|x86.Build.0 = Debug|Any CPU
		{1E47AACB-5804-4F85-9AE9-5959A81EBE59}.Release|Any CPU.ActiveCfg = Release|Any CPU
		{1E47AACB-5804-4F85-9AE9-5959A81EBE59}.Release|Any CPU.Build.0 = Release|Any CPU
		{1E47AACB-5804-4F85-9AE9-5959A81EBE59}.Release|ARM.ActiveCfg = Release|Any CPU
		{1E47AACB-5804-4F85-9AE9-5959A81EBE59}.Release|ARM.Build.0 = Release|Any CPU
		{1E47AACB-5804-4F85-9AE9-5959A81EBE59}.Release|ARM64.ActiveCfg = Release|Any CPU
		{1E47AACB-5804-4F85-9AE9-5959A81EBE59}.Release|ARM64.Build.0 = Release|Any CPU
		{1E47AACB-5804-4F85-9AE9-5959A81EBE59}.Release|x64.ActiveCfg = Release|Any CPU
		{1E47AACB-5804-4F85-9AE9-5959A81EBE59}.Release|x64.Build.0 = Release|Any CPU
		{1E47AACB-5804-4F85-9AE9-5959A81EBE59}.Release|x86.ActiveCfg = Release|Any CPU
		{1E47AACB-5804-4F85-9AE9-5959A81EBE59}.Release|x86.Build.0 = Release|Any CPU
		{D908FDB2-1B1C-4C2D-B9E7-6F58FA06256C}.Debug|Any CPU.ActiveCfg = Debug|Any CPU
		{D908FDB2-1B1C-4C2D-B9E7-6F58FA06256C}.Debug|Any CPU.Build.0 = Debug|Any CPU
		{D908FDB2-1B1C-4C2D-B9E7-6F58FA06256C}.Debug|Any CPU.Deploy.0 = Debug|Any CPU
		{D908FDB2-1B1C-4C2D-B9E7-6F58FA06256C}.Debug|ARM.ActiveCfg = Debug|ARM
		{D908FDB2-1B1C-4C2D-B9E7-6F58FA06256C}.Debug|ARM.Build.0 = Debug|ARM
		{D908FDB2-1B1C-4C2D-B9E7-6F58FA06256C}.Debug|ARM.Deploy.0 = Debug|ARM
		{D908FDB2-1B1C-4C2D-B9E7-6F58FA06256C}.Debug|ARM64.ActiveCfg = Debug|ARM64
		{D908FDB2-1B1C-4C2D-B9E7-6F58FA06256C}.Debug|ARM64.Build.0 = Debug|ARM64
		{D908FDB2-1B1C-4C2D-B9E7-6F58FA06256C}.Debug|ARM64.Deploy.0 = Debug|ARM64
		{D908FDB2-1B1C-4C2D-B9E7-6F58FA06256C}.Debug|x64.ActiveCfg = Debug|x64
		{D908FDB2-1B1C-4C2D-B9E7-6F58FA06256C}.Debug|x64.Build.0 = Debug|x64
		{D908FDB2-1B1C-4C2D-B9E7-6F58FA06256C}.Debug|x64.Deploy.0 = Debug|x64
		{D908FDB2-1B1C-4C2D-B9E7-6F58FA06256C}.Debug|x86.ActiveCfg = Debug|x86
		{D908FDB2-1B1C-4C2D-B9E7-6F58FA06256C}.Debug|x86.Build.0 = Debug|x86
		{D908FDB2-1B1C-4C2D-B9E7-6F58FA06256C}.Debug|x86.Deploy.0 = Debug|x86
		{D908FDB2-1B1C-4C2D-B9E7-6F58FA06256C}.Release|Any CPU.ActiveCfg = Release|Any CPU
		{D908FDB2-1B1C-4C2D-B9E7-6F58FA06256C}.Release|Any CPU.Build.0 = Release|Any CPU
		{D908FDB2-1B1C-4C2D-B9E7-6F58FA06256C}.Release|Any CPU.Deploy.0 = Release|Any CPU
		{D908FDB2-1B1C-4C2D-B9E7-6F58FA06256C}.Release|ARM.ActiveCfg = Release|ARM
		{D908FDB2-1B1C-4C2D-B9E7-6F58FA06256C}.Release|ARM.Build.0 = Release|ARM
		{D908FDB2-1B1C-4C2D-B9E7-6F58FA06256C}.Release|ARM.Deploy.0 = Release|ARM
		{D908FDB2-1B1C-4C2D-B9E7-6F58FA06256C}.Release|ARM64.ActiveCfg = Release|ARM64
		{D908FDB2-1B1C-4C2D-B9E7-6F58FA06256C}.Release|ARM64.Build.0 = Release|ARM64
		{D908FDB2-1B1C-4C2D-B9E7-6F58FA06256C}.Release|ARM64.Deploy.0 = Release|ARM64
		{D908FDB2-1B1C-4C2D-B9E7-6F58FA06256C}.Release|x64.ActiveCfg = Release|x64
		{D908FDB2-1B1C-4C2D-B9E7-6F58FA06256C}.Release|x64.Build.0 = Release|x64
		{D908FDB2-1B1C-4C2D-B9E7-6F58FA06256C}.Release|x64.Deploy.0 = Release|x64
		{D908FDB2-1B1C-4C2D-B9E7-6F58FA06256C}.Release|x86.ActiveCfg = Release|x86
		{D908FDB2-1B1C-4C2D-B9E7-6F58FA06256C}.Release|x86.Build.0 = Release|x86
		{D908FDB2-1B1C-4C2D-B9E7-6F58FA06256C}.Release|x86.Deploy.0 = Release|x86
	EndGlobalSection
	GlobalSection(SolutionProperties) = preSolution
		HideSolutionNode = FALSE
	EndGlobalSection
	GlobalSection(ExtensibilityGlobals) = postSolution
		SolutionGuid = {B468113E-1B43-418F-8641-D5D7FCFB6E79}
	EndGlobalSection
EndGlobal
